// !$*UTF8*$!
{
	archiveVersion = 1;
	classes = {
	};
	objectVersion = 46;
	objects = {

/* Begin PBXBuildFile section */
		2A3D85A919E44A1100BB2B92 /* User.m in Sources */ = {isa = PBXBuildFile; fileRef = 2A3D85A819E44A1100BB2B92 /* User.m */; };
		2AAD5DB119ED8E16007BE78C /* LoginViewController.m in Sources */ = {isa = PBXBuildFile; fileRef = 2AAD5DB019ED8E16007BE78C /* LoginViewController.m */; };
		2AEE0A2C19E575AE001C5D8A /* MediaTableViewCell.m in Sources */ = {isa = PBXBuildFile; fileRef = 2AEE0A2B19E575AE001C5D8A /* MediaTableViewCell.m */; };
		2AEF98B219E42447007ACD9D /* main.m in Sources */ = {isa = PBXBuildFile; fileRef = 2AEF98B119E42447007ACD9D /* main.m */; };
		2AEF98B519E42447007ACD9D /* AppDelegate.m in Sources */ = {isa = PBXBuildFile; fileRef = 2AEF98B419E42447007ACD9D /* AppDelegate.m */; };
		2AEF98B819E42447007ACD9D /* ViewController.m in Sources */ = {isa = PBXBuildFile; fileRef = 2AEF98B719E42447007ACD9D /* ViewController.m */; };
		2AEF98BB19E42447007ACD9D /* Main.storyboard in Resources */ = {isa = PBXBuildFile; fileRef = 2AEF98B919E42447007ACD9D /* Main.storyboard */; };
		2AEF98BD19E42447007ACD9D /* Images.xcassets in Resources */ = {isa = PBXBuildFile; fileRef = 2AEF98BC19E42447007ACD9D /* Images.xcassets */; };
		2AEF98C019E42447007ACD9D /* LaunchScreen.xib in Resources */ = {isa = PBXBuildFile; fileRef = 2AEF98BE19E42447007ACD9D /* LaunchScreen.xib */; };
		2AEF98CC19E42447007ACD9D /* BlocstagramTests.m in Sources */ = {isa = PBXBuildFile; fileRef = 2AEF98CB19E42447007ACD9D /* BlocstagramTests.m */; };
		2AEF98E019E4255F007ACD9D /* 1.jpg in Resources */ = {isa = PBXBuildFile; fileRef = 2AEF98D619E4255F007ACD9D /* 1.jpg */; };
		2AEF98E119E4255F007ACD9D /* 2.jpg in Resources */ = {isa = PBXBuildFile; fileRef = 2AEF98D719E4255F007ACD9D /* 2.jpg */; };
		2AEF98E219E4255F007ACD9D /* 3.jpg in Resources */ = {isa = PBXBuildFile; fileRef = 2AEF98D819E4255F007ACD9D /* 3.jpg */; };
		2AEF98E319E4255F007ACD9D /* 4.jpg in Resources */ = {isa = PBXBuildFile; fileRef = 2AEF98D919E4255F007ACD9D /* 4.jpg */; };
		2AEF98E419E4255F007ACD9D /* 5.jpg in Resources */ = {isa = PBXBuildFile; fileRef = 2AEF98DA19E4255F007ACD9D /* 5.jpg */; };
		2AEF98E519E4255F007ACD9D /* 6.jpg in Resources */ = {isa = PBXBuildFile; fileRef = 2AEF98DB19E4255F007ACD9D /* 6.jpg */; };
		2AEF98E619E4255F007ACD9D /* 7.jpg in Resources */ = {isa = PBXBuildFile; fileRef = 2AEF98DC19E4255F007ACD9D /* 7.jpg */; };
		2AEF98E719E4255F007ACD9D /* 8.jpg in Resources */ = {isa = PBXBuildFile; fileRef = 2AEF98DD19E4255F007ACD9D /* 8.jpg */; };
		2AEF98E819E4255F007ACD9D /* 9.jpg in Resources */ = {isa = PBXBuildFile; fileRef = 2AEF98DE19E4255F007ACD9D /* 9.jpg */; };
		2AEF98E919E4255F007ACD9D /* 10.jpg in Resources */ = {isa = PBXBuildFile; fileRef = 2AEF98DF19E4255F007ACD9D /* 10.jpg */; };
		2AEF98EC19E425C8007ACD9D /* ImagesTableViewController.m in Sources */ = {isa = PBXBuildFile; fileRef = 2AEF98EB19E425C8007ACD9D /* ImagesTableViewController.m */; };
		FC9F23E219E49ED8007FF7B9 /* Media.m in Sources */ = {isa = PBXBuildFile; fileRef = FC9F23E119E49ED8007FF7B9 /* Media.m */; };
		FC9F23E519E49F4B007FF7B9 /* Comment.m in Sources */ = {isa = PBXBuildFile; fileRef = FC9F23E419E49F4B007FF7B9 /* Comment.m */; };
		FC9F23E819E49FFF007FF7B9 /* DataSource.m in Sources */ = {isa = PBXBuildFile; fileRef = FC9F23E719E49FFF007FF7B9 /* DataSource.m */; };
/* End PBXBuildFile section */

/* Begin PBXContainerItemProxy section */
		2AEF98C619E42447007ACD9D /* PBXContainerItemProxy */ = {
			isa = PBXContainerItemProxy;
			containerPortal = 2AEF98A419E42447007ACD9D /* Project object */;
			proxyType = 1;
			remoteGlobalIDString = 2AEF98AB19E42447007ACD9D;
			remoteInfo = Blocstagram;
		};
/* End PBXContainerItemProxy section */

/* Begin PBXFileReference section */
		2A3D85A719E44A1100BB2B92 /* User.h */ = {isa = PBXFileReference; fileEncoding = 4; lastKnownFileType = sourcecode.c.h; path = User.h; sourceTree = "<group>"; };
		2A3D85A819E44A1100BB2B92 /* User.m */ = {isa = PBXFileReference; fileEncoding = 4; lastKnownFileType = sourcecode.c.objc; path = User.m; sourceTree = "<group>"; };
		2AAD5DAF19ED8E16007BE78C /* LoginViewController.h */ = {isa = PBXFileReference; fileEncoding = 4; lastKnownFileType = sourcecode.c.h; path = LoginViewController.h; sourceTree = "<group>"; };
		2AAD5DB019ED8E16007BE78C /* LoginViewController.m */ = {isa = PBXFileReference; fileEncoding = 4; lastKnownFileType = sourcecode.c.objc; path = LoginViewController.m; sourceTree = "<group>"; };
		2AEE0A2A19E575AE001C5D8A /* MediaTableViewCell.h */ = {isa = PBXFileReference; fileEncoding = 4; lastKnownFileType = sourcecode.c.h; path = MediaTableViewCell.h; sourceTree = "<group>"; };
		2AEE0A2B19E575AE001C5D8A /* MediaTableViewCell.m */ = {isa = PBXFileReference; fileEncoding = 4; lastKnownFileType = sourcecode.c.objc; path = MediaTableViewCell.m; sourceTree = "<group>"; };
		2AEF98AC19E42447007ACD9D /* Blocstagram.app */ = {isa = PBXFileReference; explicitFileType = wrapper.application; includeInIndex = 0; path = Blocstagram.app; sourceTree = BUILT_PRODUCTS_DIR; };
		2AEF98B019E42447007ACD9D /* Info.plist */ = {isa = PBXFileReference; lastKnownFileType = text.plist.xml; path = Info.plist; sourceTree = "<group>"; };
		2AEF98B119E42447007ACD9D /* main.m */ = {isa = PBXFileReference; lastKnownFileType = sourcecode.c.objc; path = main.m; sourceTree = "<group>"; };
		2AEF98B319E42447007ACD9D /* AppDelegate.h */ = {isa = PBXFileReference; lastKnownFileType = sourcecode.c.h; path = AppDelegate.h; sourceTree = "<group>"; };
		2AEF98B419E42447007ACD9D /* AppDelegate.m */ = {isa = PBXFileReference; lastKnownFileType = sourcecode.c.objc; path = AppDelegate.m; sourceTree = "<group>"; };
		2AEF98B619E42447007ACD9D /* ViewController.h */ = {isa = PBXFileReference; lastKnownFileType = sourcecode.c.h; path = ViewController.h; sourceTree = "<group>"; };
		2AEF98B719E42447007ACD9D /* ViewController.m */ = {isa = PBXFileReference; lastKnownFileType = sourcecode.c.objc; path = ViewController.m; sourceTree = "<group>"; };
		2AEF98BA19E42447007ACD9D /* Base */ = {isa = PBXFileReference; lastKnownFileType = file.storyboard; name = Base; path = Base.lproj/Main.storyboard; sourceTree = "<group>"; };
		2AEF98BC19E42447007ACD9D /* Images.xcassets */ = {isa = PBXFileReference; lastKnownFileType = folder.assetcatalog; path = Images.xcassets; sourceTree = "<group>"; };
		2AEF98BF19E42447007ACD9D /* Base */ = {isa = PBXFileReference; lastKnownFileType = file.xib; name = Base; path = Base.lproj/LaunchScreen.xib; sourceTree = "<group>"; };
		2AEF98C519E42447007ACD9D /* BlocstagramTests.xctest */ = {isa = PBXFileReference; explicitFileType = wrapper.cfbundle; includeInIndex = 0; path = BlocstagramTests.xctest; sourceTree = BUILT_PRODUCTS_DIR; };
		2AEF98CA19E42447007ACD9D /* Info.plist */ = {isa = PBXFileReference; lastKnownFileType = text.plist.xml; path = Info.plist; sourceTree = "<group>"; };
		2AEF98CB19E42447007ACD9D /* BlocstagramTests.m */ = {isa = PBXFileReference; lastKnownFileType = sourcecode.c.objc; path = BlocstagramTests.m; sourceTree = "<group>"; };
		2AEF98D619E4255F007ACD9D /* 1.jpg */ = {isa = PBXFileReference; lastKnownFileType = image.jpeg; path = 1.jpg; sourceTree = "<group>"; };
		2AEF98D719E4255F007ACD9D /* 2.jpg */ = {isa = PBXFileReference; lastKnownFileType = image.jpeg; path = 2.jpg; sourceTree = "<group>"; };
		2AEF98D819E4255F007ACD9D /* 3.jpg */ = {isa = PBXFileReference; lastKnownFileType = image.jpeg; path = 3.jpg; sourceTree = "<group>"; };
		2AEF98D919E4255F007ACD9D /* 4.jpg */ = {isa = PBXFileReference; lastKnownFileType = image.jpeg; path = 4.jpg; sourceTree = "<group>"; };
		2AEF98DA19E4255F007ACD9D /* 5.jpg */ = {isa = PBXFileReference; lastKnownFileType = image.jpeg; path = 5.jpg; sourceTree = "<group>"; };
		2AEF98DB19E4255F007ACD9D /* 6.jpg */ = {isa = PBXFileReference; lastKnownFileType = image.jpeg; path = 6.jpg; sourceTree = "<group>"; };
		2AEF98DC19E4255F007ACD9D /* 7.jpg */ = {isa = PBXFileReference; lastKnownFileType = image.jpeg; path = 7.jpg; sourceTree = "<group>"; };
		2AEF98DD19E4255F007ACD9D /* 8.jpg */ = {isa = PBXFileReference; lastKnownFileType = image.jpeg; path = 8.jpg; sourceTree = "<group>"; };
		2AEF98DE19E4255F007ACD9D /* 9.jpg */ = {isa = PBXFileReference; lastKnownFileType = image.jpeg; path = 9.jpg; sourceTree = "<group>"; };
		2AEF98DF19E4255F007ACD9D /* 10.jpg */ = {isa = PBXFileReference; lastKnownFileType = image.jpeg; path = 10.jpg; sourceTree = "<group>"; };
		2AEF98EA19E425C8007ACD9D /* ImagesTableViewController.h */ = {isa = PBXFileReference; fileEncoding = 4; lastKnownFileType = sourcecode.c.h; path = ImagesTableViewController.h; sourceTree = "<group>"; };
		2AEF98EB19E425C8007ACD9D /* ImagesTableViewController.m */ = {isa = PBXFileReference; fileEncoding = 4; lastKnownFileType = sourcecode.c.objc; path = ImagesTableViewController.m; sourceTree = "<group>"; };
		FC9F23E019E49ED8007FF7B9 /* Media.h */ = {isa = PBXFileReference; fileEncoding = 4; lastKnownFileType = sourcecode.c.h; path = Media.h; sourceTree = "<group>"; };
		FC9F23E119E49ED8007FF7B9 /* Media.m */ = {isa = PBXFileReference; fileEncoding = 4; lastKnownFileType = sourcecode.c.objc; path = Media.m; sourceTree = "<group>"; };
		FC9F23E319E49F4B007FF7B9 /* Comment.h */ = {isa = PBXFileReference; fileEncoding = 4; lastKnownFileType = sourcecode.c.h; path = Comment.h; sourceTree = "<group>"; };
		FC9F23E419E49F4B007FF7B9 /* Comment.m */ = {isa = PBXFileReference; fileEncoding = 4; lastKnownFileType = sourcecode.c.objc; path = Comment.m; sourceTree = "<group>"; };
		FC9F23E619E49FFF007FF7B9 /* DataSource.h */ = {isa = PBXFileReference; fileEncoding = 4; lastKnownFileType = sourcecode.c.h; path = DataSource.h; sourceTree = "<group>"; };
		FC9F23E719E49FFF007FF7B9 /* DataSource.m */ = {isa = PBXFileReference; fileEncoding = 4; lastKnownFileType = sourcecode.c.objc; path = DataSource.m; sourceTree = "<group>"; };
/* End PBXFileReference section */

/* Begin PBXFrameworksBuildPhase section */
		2AEF98A919E42447007ACD9D /* Frameworks */ = {
			isa = PBXFrameworksBuildPhase;
			buildActionMask = 2147483647;
			files = (
			);
			runOnlyForDeploymentPostprocessing = 0;
		};
		2AEF98C219E42447007ACD9D /* Frameworks */ = {
			isa = PBXFrameworksBuildPhase;
			buildActionMask = 2147483647;
			files = (
			);
			runOnlyForDeploymentPostprocessing = 0;
		};
/* End PBXFrameworksBuildPhase section */

/* Begin PBXGroup section */
		2AEF98A319E42447007ACD9D = {
			isa = PBXGroup;
			children = (
				2AEF98AE19E42447007ACD9D /* Blocstagram */,
				2AEF98C819E42447007ACD9D /* BlocstagramTests */,
				2AEF98AD19E42447007ACD9D /* Products */,
			);
			sourceTree = "<group>";
		};
		2AEF98AD19E42447007ACD9D /* Products */ = {
			isa = PBXGroup;
			children = (
				2AEF98AC19E42447007ACD9D /* Blocstagram.app */,
				2AEF98C519E42447007ACD9D /* BlocstagramTests.xctest */,
			);
			name = Products;
			sourceTree = "<group>";
		};
		2AEF98AE19E42447007ACD9D /* Blocstagram */ = {
			isa = PBXGroup;
			children = (
				2AEF98D519E4253F007ACD9D /* Images */,
				2AEF98B319E42447007ACD9D /* AppDelegate.h */,
				2AEF98B419E42447007ACD9D /* AppDelegate.m */,
				2AEF98EA19E425C8007ACD9D /* ImagesTableViewController.h */,
				2AEF98EB19E425C8007ACD9D /* ImagesTableViewController.m */,
				2AEE0A2A19E575AE001C5D8A /* MediaTableViewCell.h */,
				2AEE0A2B19E575AE001C5D8A /* MediaTableViewCell.m */,
				FC9F23E619E49FFF007FF7B9 /* DataSource.h */,
				FC9F23E719E49FFF007FF7B9 /* DataSource.m */,
				2AAD5DAF19ED8E16007BE78C /* LoginViewController.h */,
				2AAD5DB019ED8E16007BE78C /* LoginViewController.m */,
				FC9F23E319E49F4B007FF7B9 /* Comment.h */,
				FC9F23E419E49F4B007FF7B9 /* Comment.m */,
				FC9F23E019E49ED8007FF7B9 /* Media.h */,
				FC9F23E119E49ED8007FF7B9 /* Media.m */,
				2A3D85A719E44A1100BB2B92 /* User.h */,
				2A3D85A819E44A1100BB2B92 /* User.m */,
				2AEF98B619E42447007ACD9D /* ViewController.h */,
				2AEF98B719E42447007ACD9D /* ViewController.m */,
				2AEF98B919E42447007ACD9D /* Main.storyboard */,
				2AEF98BC19E42447007ACD9D /* Images.xcassets */,
				2AEF98BE19E42447007ACD9D /* LaunchScreen.xib */,
				2AEF98AF19E42447007ACD9D /* Supporting Files */,
			);
			path = Blocstagram;
			sourceTree = "<group>";
		};
		2AEF98AF19E42447007ACD9D /* Supporting Files */ = {
			isa = PBXGroup;
			children = (
				2AEF98B019E42447007ACD9D /* Info.plist */,
				2AEF98B119E42447007ACD9D /* main.m */,
			);
			name = "Supporting Files";
			sourceTree = "<group>";
		};
		2AEF98C819E42447007ACD9D /* BlocstagramTests */ = {
			isa = PBXGroup;
			children = (
				2AEF98CB19E42447007ACD9D /* BlocstagramTests.m */,
				2AEF98C919E42447007ACD9D /* Supporting Files */,
			);
			path = BlocstagramTests;
			sourceTree = "<group>";
		};
		2AEF98C919E42447007ACD9D /* Supporting Files */ = {
			isa = PBXGroup;
			children = (
				2AEF98CA19E42447007ACD9D /* Info.plist */,
			);
			name = "Supporting Files";
			sourceTree = "<group>";
		};
		2AEF98D519E4253F007ACD9D /* Images */ = {
			isa = PBXGroup;
			children = (
				2AEF98D619E4255F007ACD9D /* 1.jpg */,
				2AEF98D719E4255F007ACD9D /* 2.jpg */,
				2AEF98D819E4255F007ACD9D /* 3.jpg */,
				2AEF98D919E4255F007ACD9D /* 4.jpg */,
				2AEF98DA19E4255F007ACD9D /* 5.jpg */,
				2AEF98DB19E4255F007ACD9D /* 6.jpg */,
				2AEF98DC19E4255F007ACD9D /* 7.jpg */,
				2AEF98DD19E4255F007ACD9D /* 8.jpg */,
				2AEF98DE19E4255F007ACD9D /* 9.jpg */,
				2AEF98DF19E4255F007ACD9D /* 10.jpg */,
			);
			name = Images;
			sourceTree = "<group>";
		};
/* End PBXGroup section */

/* Begin PBXNativeTarget section */
		2AEF98AB19E42447007ACD9D /* Blocstagram */ = {
			isa = PBXNativeTarget;
			buildConfigurationList = 2AEF98CF19E42447007ACD9D /* Build configuration list for PBXNativeTarget "Blocstagram" */;
			buildPhases = (
				2AEF98A819E42447007ACD9D /* Sources */,
				2AEF98A919E42447007ACD9D /* Frameworks */,
				2AEF98AA19E42447007ACD9D /* Resources */,
			);
			buildRules = (
			);
			dependencies = (
			);
			name = Blocstagram;
			productName = Blocstagram;
			productReference = 2AEF98AC19E42447007ACD9D /* Blocstagram.app */;
			productType = "com.apple.product-type.application";
		};
		2AEF98C419E42447007ACD9D /* BlocstagramTests */ = {
			isa = PBXNativeTarget;
			buildConfigurationList = 2AEF98D219E42447007ACD9D /* Build configuration list for PBXNativeTarget "BlocstagramTests" */;
			buildPhases = (
				2AEF98C119E42447007ACD9D /* Sources */,
				2AEF98C219E42447007ACD9D /* Frameworks */,
				2AEF98C319E42447007ACD9D /* Resources */,
			);
			buildRules = (
			);
			dependencies = (
				2AEF98C719E42447007ACD9D /* PBXTargetDependency */,
			);
			name = BlocstagramTests;
			productName = BlocstagramTests;
			productReference = 2AEF98C519E42447007ACD9D /* BlocstagramTests.xctest */;
			productType = "com.apple.product-type.bundle.unit-test";
		};
/* End PBXNativeTarget section */

/* Begin PBXProject section */
		2AEF98A419E42447007ACD9D /* Project object */ = {
			isa = PBXProject;
			attributes = {
				LastUpgradeCheck = 0600;
				ORGANIZATIONNAME = Bloc;
				TargetAttributes = {
					2AEF98AB19E42447007ACD9D = {
						CreatedOnToolsVersion = 6.0;
					};
					2AEF98C419E42447007ACD9D = {
						CreatedOnToolsVersion = 6.0;
						TestTargetID = 2AEF98AB19E42447007ACD9D;
					};
				};
			};
			buildConfigurationList = 2AEF98A719E42447007ACD9D /* Build configuration list for PBXProject "Blocstagram" */;
			compatibilityVersion = "Xcode 3.2";
			developmentRegion = English;
			hasScannedForEncodings = 0;
			knownRegions = (
				en,
				Base,
			);
			mainGroup = 2AEF98A319E42447007ACD9D;
			productRefGroup = 2AEF98AD19E42447007ACD9D /* Products */;
			projectDirPath = "";
			projectRoot = "";
			targets = (
				2AEF98AB19E42447007ACD9D /* Blocstagram */,
				2AEF98C419E42447007ACD9D /* BlocstagramTests */,
			);
		};
/* End PBXProject section */

/* Begin PBXResourcesBuildPhase section */
		2AEF98AA19E42447007ACD9D /* Resources */ = {
			isa = PBXResourcesBuildPhase;
			buildActionMask = 2147483647;
			files = (
				2AEF98E919E4255F007ACD9D /* 10.jpg in Resources */,
				2AEF98E719E4255F007ACD9D /* 8.jpg in Resources */,
				2AEF98E519E4255F007ACD9D /* 6.jpg in Resources */,
				2AEF98BB19E42447007ACD9D /* Main.storyboard in Resources */,
				2AEF98E419E4255F007ACD9D /* 5.jpg in Resources */,
				2AEF98E319E4255F007ACD9D /* 4.jpg in Resources */,
				2AEF98E019E4255F007ACD9D /* 1.jpg in Resources */,
				2AEF98E119E4255F007ACD9D /* 2.jpg in Resources */,
				2AEF98E219E4255F007ACD9D /* 3.jpg in Resources */,
				2AEF98E619E4255F007ACD9D /* 7.jpg in Resources */,
				2AEF98E819E4255F007ACD9D /* 9.jpg in Resources */,
				2AEF98C019E42447007ACD9D /* LaunchScreen.xib in Resources */,
				2AEF98BD19E42447007ACD9D /* Images.xcassets in Resources */,
			);
			runOnlyForDeploymentPostprocessing = 0;
		};
		2AEF98C319E42447007ACD9D /* Resources */ = {
			isa = PBXResourcesBuildPhase;
			buildActionMask = 2147483647;
			files = (
			);
			runOnlyForDeploymentPostprocessing = 0;
		};
/* End PBXResourcesBuildPhase section */

/* Begin PBXSourcesBuildPhase section */
		2AEF98A819E42447007ACD9D /* Sources */ = {
			isa = PBXSourcesBuildPhase;
			buildActionMask = 2147483647;
			files = (
				FC9F23E519E49F4B007FF7B9 /* Comment.m in Sources */,
				FC9F23E219E49ED8007FF7B9 /* Media.m in Sources */,
				2AEE0A2C19E575AE001C5D8A /* MediaTableViewCell.m in Sources */,
				FC9F23E819E49FFF007FF7B9 /* DataSource.m in Sources */,
				2AAD5DB119ED8E16007BE78C /* LoginViewController.m in Sources */,
				2A3D85A919E44A1100BB2B92 /* User.m in Sources */,
				2AEF98B819E42447007ACD9D /* ViewController.m in Sources */,
				2AEF98B519E42447007ACD9D /* AppDelegate.m in Sources */,
				2AEF98B219E42447007ACD9D /* main.m in Sources */,
				2AEF98EC19E425C8007ACD9D /* ImagesTableViewController.m in Sources */,
			);
			runOnlyForDeploymentPostprocessing = 0;
		};
		2AEF98C119E42447007ACD9D /* Sources */ = {
			isa = PBXSourcesBuildPhase;
			buildActionMask = 2147483647;
			files = (
				2AEF98CC19E42447007ACD9D /* BlocstagramTests.m in Sources */,
			);
			runOnlyForDeploymentPostprocessing = 0;
		};
/* End PBXSourcesBuildPhase section */

/* Begin PBXTargetDependency section */
		2AEF98C719E42447007ACD9D /* PBXTargetDependency */ = {
			isa = PBXTargetDependency;
			target = 2AEF98AB19E42447007ACD9D /* Blocstagram */;
			targetProxy = 2AEF98C619E42447007ACD9D /* PBXContainerItemProxy */;
		};
/* End PBXTargetDependency section */

/* Begin PBXVariantGroup section */
		2AEF98B919E42447007ACD9D /* Main.storyboard */ = {
			isa = PBXVariantGroup;
			children = (
				2AEF98BA19E42447007ACD9D /* Base */,
			);
			name = Main.storyboard;
			sourceTree = "<group>";
		};
		2AEF98BE19E42447007ACD9D /* LaunchScreen.xib */ = {
			isa = PBXVariantGroup;
			children = (
				2AEF98BF19E42447007ACD9D /* Base */,
			);
			name = LaunchScreen.xib;
			sourceTree = "<group>";
		};
/* End PBXVariantGroup section */

/* Begin XCBuildConfiguration section */
		2AEF98CD19E42447007ACD9D /* Debug */ = {
			isa = XCBuildConfiguration;
			buildSettings = {
				ALWAYS_SEARCH_USER_PATHS = NO;
				CLANG_CXX_LANGUAGE_STANDARD = "gnu++0x";
				CLANG_CXX_LIBRARY = "libc++";
				CLANG_ENABLE_MODULES = YES;
				CLANG_ENABLE_OBJC_ARC = YES;
				CLANG_WARN_BOOL_CONVERSION = YES;
				CLANG_WARN_CONSTANT_CONVERSION = YES;
				CLANG_WARN_DIRECT_OBJC_ISA_USAGE = YES_ERROR;
				CLANG_WARN_EMPTY_BODY = YES;
				CLANG_WARN_ENUM_CONVERSION = YES;
				CLANG_WARN_INT_CONVERSION = YES;
				CLANG_WARN_OBJC_ROOT_CLASS = YES_ERROR;
				CLANG_WARN_UNREACHABLE_CODE = YES;
				CLANG_WARN__DUPLICATE_METHOD_MATCH = YES;
				"CODE_SIGN_IDENTITY[sdk=iphoneos*]" = "iPhone Developer";
				COPY_PHASE_STRIP = NO;
				ENABLE_STRICT_OBJC_MSGSEND = YES;
				GCC_C_LANGUAGE_STANDARD = gnu99;
				GCC_DYNAMIC_NO_PIC = NO;
				GCC_OPTIMIZATION_LEVEL = 0;
				GCC_PREPROCESSOR_DEFINITIONS = (
					"DEBUG=1",
					"$(inherited)",
				);
				GCC_SYMBOLS_PRIVATE_EXTERN = NO;
				GCC_WARN_64_TO_32_BIT_CONVERSION = YES;
				GCC_WARN_ABOUT_RETURN_TYPE = YES_ERROR;
				GCC_WARN_UNDECLARED_SELECTOR = YES;
				GCC_WARN_UNINITIALIZED_AUTOS = YES_AGGRESSIVE;
				GCC_WARN_UNUSED_FUNCTION = YES;
				GCC_WARN_UNUSED_VARIABLE = YES;
				IPHONEOS_DEPLOYMENT_TARGET = 8.0;
				MTL_ENABLE_DEBUG_INFO = YES;
				ONLY_ACTIVE_ARCH = YES;
				SDKROOT = iphoneos;
				TARGETED_DEVICE_FAMILY = "1,2";
			};
			name = Debug;
		};
		2AEF98CE19E42447007ACD9D /* Release */ = {
			isa = XCBuildConfiguration;
			buildSettings = {
				ALWAYS_SEARCH_USER_PATHS = NO;
				CLANG_CXX_LANGUAGE_STANDARD = "gnu++0x";
				CLANG_CXX_LIBRARY = "libc++";
				CLANG_ENABLE_MODULES = YES;
				CLANG_ENABLE_OBJC_ARC = YES;
				CLANG_WARN_BOOL_CONVERSION = YES;
				CLANG_WARN_CONSTANT_CONVERSION = YES;
				CLANG_WARN_DIRECT_OBJC_ISA_USAGE = YES_ERROR;
				CLANG_WARN_EMPTY_BODY = YES;
				CLANG_WARN_ENUM_CONVERSION = YES;
				CLANG_WARN_INT_CONVERSION = YES;
				CLANG_WARN_OBJC_ROOT_CLASS = YES_ERROR;
				CLANG_WARN_UNREACHABLE_CODE = YES;
				CLANG_WARN__DUPLICATE_METHOD_MATCH = YES;
				"CODE_SIGN_IDENTITY[sdk=iphoneos*]" = "iPhone Developer";
				COPY_PHASE_STRIP = YES;
				ENABLE_NS_ASSERTIONS = NO;
				ENABLE_STRICT_OBJC_MSGSEND = YES;
				GCC_C_LANGUAGE_STANDARD = gnu99;
				GCC_WARN_64_TO_32_BIT_CONVERSION = YES;
				GCC_WARN_ABOUT_RETURN_TYPE = YES_ERROR;
				GCC_WARN_UNDECLARED_SELECTOR = YES;
				GCC_WARN_UNINITIALIZED_AUTOS = YES_AGGRESSIVE;
				GCC_WARN_UNUSED_FUNCTION = YES;
				GCC_WARN_UNUSED_VARIABLE = YES;
				IPHONEOS_DEPLOYMENT_TARGET = 8.0;
				MTL_ENABLE_DEBUG_INFO = NO;
				SDKROOT = iphoneos;
				TARGETED_DEVICE_FAMILY = "1,2";
				VALIDATE_PRODUCT = YES;
			};
			name = Release;
		};
		2AEF98D019E42447007ACD9D /* Debug */ = {
			isa = XCBuildConfiguration;
			buildSettings = {
				ASSETCATALOG_COMPILER_APPICON_NAME = AppIcon;
				INFOPLIST_FILE = Blocstagram/Info.plist;
				LD_RUNPATH_SEARCH_PATHS = "$(inherited) @executable_path/Frameworks";
				PRODUCT_NAME = "$(TARGET_NAME)";
			};
			name = Debug;
		};
		2AEF98D119E42447007ACD9D /* Release */ = {
			isa = XCBuildConfiguration;
			buildSettings = {
				ASSETCATALOG_COMPILER_APPICON_NAME = AppIcon;
				INFOPLIST_FILE = Blocstagram/Info.plist;
				LD_RUNPATH_SEARCH_PATHS = "$(inherited) @executable_path/Frameworks";
				PRODUCT_NAME = "$(TARGET_NAME)";
			};
			name = Release;
		};
		2AEF98D319E42447007ACD9D /* Debug */ = {
			isa = XCBuildConfiguration;
			buildSettings = {
				BUNDLE_LOADER = "$(TEST_HOST)";
				FRAMEWORK_SEARCH_PATHS = (
					"$(SDKROOT)/Developer/Library/Frameworks",
					"$(inherited)",
				);
				GCC_PREPROCESSOR_DEFINITIONS = (
					"DEBUG=1",
					"$(inherited)",
				);
				INFOPLIST_FILE = BlocstagramTests/Info.plist;
				LD_RUNPATH_SEARCH_PATHS = "$(inherited) @executable_path/Frameworks @loader_path/Frameworks";
				PRODUCT_NAME = "$(TARGET_NAME)";
				TEST_HOST = "$(BUILT_PRODUCTS_DIR)/Blocstagram.app/Blocstagram";
			};
			name = Debug;
		};
		2AEF98D419E42447007ACD9D /* Release */ = {
			isa = XCBuildConfiguration;
			buildSettings = {
				BUNDLE_LOADER = "$(TEST_HOST)";
				FRAMEWORK_SEARCH_PATHS = (
					"$(SDKROOT)/Developer/Library/Frameworks",
					"$(inherited)",
				);
				INFOPLIST_FILE = BlocstagramTests/Info.plist;
				LD_RUNPATH_SEARCH_PATHS = "$(inherited) @executable_path/Frameworks @loader_path/Frameworks";
				PRODUCT_NAME = "$(TARGET_NAME)";
				TEST_HOST = "$(BUILT_PRODUCTS_DIR)/Blocstagram.app/Blocstagram";
			};
			name = Release;
		};
/* End XCBuildConfiguration section */

/* Begin XCConfigurationList section */
		2AEF98A719E42447007ACD9D /* Build configuration list for PBXProject "Blocstagram" */ = {
			isa = XCConfigurationList;
			buildConfigurations = (
				2AEF98CD19E42447007ACD9D /* Debug */,
				2AEF98CE19E42447007ACD9D /* Release */,
			);
			defaultConfigurationIsVisible = 0;
			defaultConfigurationName = Release;
		};
		2AEF98CF19E42447007ACD9D /* Build configuration list for PBXNativeTarget "Blocstagram" */ = {
			isa = XCConfigurationList;
			buildConfigurations = (
				2AEF98D019E42447007ACD9D /* Debug */,
				2AEF98D119E42447007ACD9D /* Release */,
			);
			defaultConfigurationIsVisible = 0;
			defaultConfigurationName = Release;
		};
		2AEF98D219E42447007ACD9D /* Build configuration list for PBXNativeTarget "BlocstagramTests" */ = {
			isa = XCConfigurationList;
			buildConfigurations = (
				2AEF98D319E42447007ACD9D /* Debug */,
				2AEF98D419E42447007ACD9D /* Release */,
			);
			defaultConfigurationIsVisible = 0;
			defaultConfigurationName = Release;
		};
/* End XCConfigurationList section */
	};
	rootObject = 2AEF98A419E42447007ACD9D /* Project object */;
}
